
Microsoft Visual Studio Solution File, Format Version 12.00
# Visual Studio Version 17
VisualStudioVersion = 17.14.36414.22 d17.14
MinimumVisualStudioVersion = 10.0.40219.1
Project("{FAE04EC0-301F-11D3-BF4B-00C04F79EFBC}") = "ToDo", "ToDo\ToDo.csproj", "{78DC6998-4730-4FE1-9F88-B04FD64BF739}"
EndProject
Global
	GlobalSection(SolutionConfigurationPlatforms) = preSolution
		Debug|Any CPU = Debug|Any CPU
		Release|Any CPU = Release|Any CPU
	EndGlobalSection
	GlobalSection(ProjectConfigurationPlatforms) = postSolution
		{78DC6998-4730-4FE1-9F88-B04FD64BF739}.Debug|Any CPU.ActiveCfg = Debug|Any CPU
		{78DC6998-4730-4FE1-9F88-B04FD64BF739}.Debug|Any CPU.Build.0 = Debug|Any CPU
		{78DC6998-4730-4FE1-9F88-B04FD64BF739}.Release|Any CPU.ActiveCfg = Release|Any CPU
		{78DC6998-4730-4FE1-9F88-B04FD64BF739}.Release|Any CPU.Build.0 = Release|Any CPU
	EndGlobalSection
	GlobalSection(SolutionProperties) = preSolution
		HideSolutionNode = FALSE
	EndGlobalSection
	GlobalSection(ExtensibilityGlobals) = postSolution
		SolutionGuid = {0DCA2153-A159-460F-8CB1-161DAF444CAE}
	EndGlobalSection
EndGlobal
